
Microsoft Visual Studio Solution File, Format Version 12.00
# Visual Studio Version 16
VisualStudioVersion = 16.0.29326.143
MinimumVisualStudioVersion = 10.0.40219.1
Project("{FAE04EC0-301F-11D3-BF4B-00C04F79EFBC}") = "ProyectoSegundoParcial", "ProyectoSegundoParcial\ProyectoSegundoParcial.csproj", "{8FC8EC81-6C3C-416F-8A72-92311B1302A7}"
EndProject
Global
	GlobalSection(SolutionConfigurationPlatforms) = preSolution
		Debug|Any CPU = Debug|Any CPU
		Release|Any CPU = Release|Any CPU
	EndGlobalSection
	GlobalSection(ProjectConfigurationPlatforms) = postSolution
		{8FC8EC81-6C3C-416F-8A72-92311B1302A7}.Debug|Any CPU.ActiveCfg = Debug|Any CPU
		{8FC8EC81-6C3C-416F-8A72-92311B1302A7}.Debug|Any CPU.Build.0 = Debug|Any CPU
		{8FC8EC81-6C3C-416F-8A72-92311B1302A7}.Release|Any CPU.ActiveCfg = Release|Any CPU
		{8FC8EC81-6C3C-416F-8A72-92311B1302A7}.Release|Any CPU.Build.0 = Release|Any CPU
	EndGlobalSection
	GlobalSection(SolutionProperties) = preSolution
		HideSolutionNode = FALSE
	EndGlobalSection
	GlobalSection(ExtensibilityGlobals) = postSolution
		SolutionGuid = {960FFDAC-B317-4270-8A41-658E222932A1}
	EndGlobalSection
EndGlobal
